
Microsoft Visual Studio Solution File, Format Version 12.00
# Visual Studio Version 17
VisualStudioVersion = 17.7.34221.43
MinimumVisualStudioVersion = 10.0.40219.1
Project("{FAE04EC0-301F-11D3-BF4B-00C04F79EFBC}") = "ListasExam1", "ListasExam1.csproj", "{F9E091BC-9554-4D02-83AF-35EC297FE74E}"
EndProject
Global
	GlobalSection(SolutionConfigurationPlatforms) = preSolution
		Debug|Any CPU = Debug|Any CPU
		Release|Any CPU = Release|Any CPU
	EndGlobalSection
	GlobalSection(ProjectConfigurationPlatforms) = postSolution
		{F9E091BC-9554-4D02-83AF-35EC297FE74E}.Debug|Any CPU.ActiveCfg = Debug|Any CPU
		{F9E091BC-9554-4D02-83AF-35EC297FE74E}.Debug|Any CPU.Build.0 = Debug|Any CPU
		{F9E091BC-9554-4D02-83AF-35EC297FE74E}.Release|Any CPU.ActiveCfg = Release|Any CPU
		{F9E091BC-9554-4D02-83AF-35EC297FE74E}.Release|Any CPU.Build.0 = Release|Any CPU
	EndGlobalSection
	GlobalSection(SolutionProperties) = preSolution
		HideSolutionNode = FALSE
	EndGlobalSection
	GlobalSection(ExtensibilityGlobals) = postSolution
		SolutionGuid = {9F2D0236-BA3D-4B55-879A-EC4BDF416CCD}
	EndGlobalSection
EndGlobal
